
Microsoft Visual Studio Solution File, Format Version 12.00
# Visual Studio Version 16
VisualStudioVersion = 16.0.30503.244
MinimumVisualStudioVersion = 10.0.40219.1
Project("{FAE04EC0-301F-11D3-BF4B-00C04F79EFBC}") = "WorkerService2", "WorkerService2\WorkerService2.csproj", "{EAEB9941-2DE4-46DB-85CC-3A805B879E26}"
EndProject
Global
	GlobalSection(SolutionConfigurationPlatforms) = preSolution
		Debug|Any CPU = Debug|Any CPU
		Release|Any CPU = Release|Any CPU
	EndGlobalSection
	GlobalSection(ProjectConfigurationPlatforms) = postSolution
		{EAEB9941-2DE4-46DB-85CC-3A805B879E26}.Debug|Any CPU.ActiveCfg = Debug|Any CPU
		{EAEB9941-2DE4-46DB-85CC-3A805B879E26}.Debug|Any CPU.Build.0 = Debug|Any CPU
		{EAEB9941-2DE4-46DB-85CC-3A805B879E26}.Release|Any CPU.ActiveCfg = Release|Any CPU
		{EAEB9941-2DE4-46DB-85CC-3A805B879E26}.Release|Any CPU.Build.0 = Release|Any CPU
	EndGlobalSection
	GlobalSection(SolutionProperties) = preSolution
		HideSolutionNode = FALSE
	EndGlobalSection
	GlobalSection(ExtensibilityGlobals) = postSolution
		SolutionGuid = {D5C6BE33-D161-4989-96A7-CF2A77D8E2B1}
	EndGlobalSection
EndGlobal
